# This file is automatically @generated by Cargo.
# It is not intended for manual editing.
version = 3

[[package]]
name = "adler"
version = "1.0.2"
source = "registry+https://github.com/rust-lang/crates.io-index"
checksum = "f26201604c87b1e01bd3d98f8d5d9a8fcbb815e8cedb41ffccbeb4bf593a35fe"

[[package]]
name = "bytes"
version = "1.5.0"
source = "registry+https://github.com/rust-lang/crates.io-index"
checksum = "a2bd12c1caf447e69cd4528f47f94d203fd2582878ecb9e9465484c4148a8223"

[[package]]
name = "cfg-if"
version = "1.0.0"
source = "registry+https://github.com/rust-lang/crates.io-index"
checksum = "baf1de4339761588bc0619e3cbc0120ee582ebb74b53b4efbf79117bd2da40fd"

[[package]]
name = "crc32fast"
version = "1.3.2"
source = "registry+https://github.com/rust-lang/crates.io-index"
checksum = "b540bd8bc810d3885c6ea91e2018302f68baba2129ab3e88f32389ee9370880d"
dependencies = [
 "cfg-if",
]

[[package]]
name = "exif_test"
version = "0.1.0"
dependencies = [
 "img-parts",
 "imghdr",
 "kamadak-exif",
]

[[package]]
name = "img-parts"
version = "0.3.0"
source = "registry+https://github.com/rust-lang/crates.io-index"
checksum = "b19358258d99a5fc34466fed27a5318f92ae636c3e36165cf9b1e87b5b6701f0"
dependencies = [
 "bytes",
 "crc32fast",
 "miniz_oxide",
]

[[package]]
name = "imghdr"
version = "0.7.0"
source = "registry+https://github.com/rust-lang/crates.io-index"
checksum = "c8b35f3ad95576ac81603375dfe47a0450b70a368aa34d2b6e5bb0a0d7f02428"

[[package]]
name = "kamadak-exif"
version = "0.5.5"
source = "registry+https://github.com/rust-lang/crates.io-index"
checksum = "ef4fc70d0ab7e5b6bafa30216a6b48705ea964cdfc29c050f2412295eba58077"
dependencies = [
 "mutate_once",
]

[[package]]
name = "miniz_oxide"
version = "0.5.4"
source = "registry+https://github.com/rust-lang/crates.io-index"
checksum = "96590ba8f175222643a85693f33d26e9c8a015f599c216509b1a6894af675d34"
dependencies = [
 "adler",
]

[[package]]
name = "mutate_once"
version = "0.1.1"
source = "registry+https://github.com/rust-lang/crates.io-index"
checksum = "16cf681a23b4d0a43fc35024c176437f9dcd818db34e0f42ab456a0ee5ad497b"
